
Microsoft Visual Studio Solution File, Format Version 12.00
Project("{FAE04EC0-301F-11D3-BF4B-00C04F79EFBC}") = "CatalogApi.Web", "src\CatalogApi.Web\CatalogApi.Web.csproj", "{035867B5-967A-4AB4-92AF-CC93394927FB}"
EndProject
Project("{FAE04EC0-301F-11D3-BF4B-00C04F79EFBC}") = "CatalogApi.Contracts", "src\CatalogApi.Contracts\CatalogApi.Contracts.csproj", "{A679CAA0-E470-437D-932A-1259A75A2288}"
EndProject
Project("{FAE04EC0-301F-11D3-BF4B-00C04F79EFBC}") = "CatalogApi.Core", "src\CatalogApi.Core\CatalogApi.Core.csproj", "{40B74635-8FCA-4E84-97E8-CC2A9A0BA7B8}"
EndProject
Project("{FAE04EC0-301F-11D3-BF4B-00C04F79EFBC}") = "CatalogApi.Data", "src\CatalogApi.Data\CatalogApi.Data.csproj", "{90D9C944-0ED5-495E-8C4A-C227C6E28212}"
EndProject
Global
	GlobalSection(SolutionConfigurationPlatforms) = preSolution
		Debug|Any CPU = Debug|Any CPU
		Release|Any CPU = Release|Any CPU
	EndGlobalSection
	GlobalSection(ProjectConfigurationPlatforms) = postSolution
		{035867B5-967A-4AB4-92AF-CC93394927FB}.Debug|Any CPU.ActiveCfg = Debug|Any CPU
		{035867B5-967A-4AB4-92AF-CC93394927FB}.Debug|Any CPU.Build.0 = Debug|Any CPU
		{035867B5-967A-4AB4-92AF-CC93394927FB}.Release|Any CPU.ActiveCfg = Release|Any CPU
		{035867B5-967A-4AB4-92AF-CC93394927FB}.Release|Any CPU.Build.0 = Release|Any CPU
		{A679CAA0-E470-437D-932A-1259A75A2288}.Debug|Any CPU.ActiveCfg = Debug|Any CPU
		{A679CAA0-E470-437D-932A-1259A75A2288}.Debug|Any CPU.Build.0 = Debug|Any CPU
		{A679CAA0-E470-437D-932A-1259A75A2288}.Release|Any CPU.ActiveCfg = Release|Any CPU
		{A679CAA0-E470-437D-932A-1259A75A2288}.Release|Any CPU.Build.0 = Release|Any CPU
		{40B74635-8FCA-4E84-97E8-CC2A9A0BA7B8}.Debug|Any CPU.ActiveCfg = Debug|Any CPU
		{40B74635-8FCA-4E84-97E8-CC2A9A0BA7B8}.Debug|Any CPU.Build.0 = Debug|Any CPU
		{40B74635-8FCA-4E84-97E8-CC2A9A0BA7B8}.Release|Any CPU.ActiveCfg = Release|Any CPU
		{40B74635-8FCA-4E84-97E8-CC2A9A0BA7B8}.Release|Any CPU.Build.0 = Release|Any CPU
		{90D9C944-0ED5-495E-8C4A-C227C6E28212}.Debug|Any CPU.ActiveCfg = Debug|Any CPU
		{90D9C944-0ED5-495E-8C4A-C227C6E28212}.Debug|Any CPU.Build.0 = Debug|Any CPU
		{90D9C944-0ED5-495E-8C4A-C227C6E28212}.Release|Any CPU.ActiveCfg = Release|Any CPU
		{90D9C944-0ED5-495E-8C4A-C227C6E28212}.Release|Any CPU.Build.0 = Release|Any CPU
	EndGlobalSection
EndGlobal
